
Microsoft Visual Studio Solution File, Format Version 12.00
# Visual Studio Version 17
VisualStudioVersion = 17.14.36401.2
MinimumVisualStudioVersion = 10.0.40219.1
Project("{FAE04EC0-301F-11D3-BF4B-00C04F79EFBC}") = "ALISTAMIENTO_IE", "ALISTAMIENTO_IE\ALISTAMIENTO_IE.csproj", "{963EA27A-47C9-4E8C-881C-6A94FB925D3B}"
EndProject
Project("{2150E333-8FDC-42A3-9474-1A3956D46DE8}") = "Elementos de la solución", "Elementos de la solución", "{D107F4C8-89CC-BEA8-D3D7-CA6B7733353D}"
	ProjectSection(SolutionItems) = preProject
		.gitignore = .gitignore
	EndProjectSection
EndProject
Project("{FAE04EC0-301F-11D3-BF4B-00C04F79EFBC}") = "Common", "Common\Common.csproj", "{9A8347AD-186B-40DD-9EF7-9D16AC91E3F9}"
EndProject
Global
	GlobalSection(SolutionConfigurationPlatforms) = preSolution
		Debug|Any CPU = Debug|Any CPU
		Release|Any CPU = Release|Any CPU
	EndGlobalSection
	GlobalSection(ProjectConfigurationPlatforms) = postSolution
		{963EA27A-47C9-4E8C-881C-6A94FB925D3B}.Debug|Any CPU.ActiveCfg = Debug|Any CPU
		{963EA27A-47C9-4E8C-881C-6A94FB925D3B}.Debug|Any CPU.Build.0 = Debug|Any CPU
		{963EA27A-47C9-4E8C-881C-6A94FB925D3B}.Release|Any CPU.ActiveCfg = Release|Any CPU
		{963EA27A-47C9-4E8C-881C-6A94FB925D3B}.Release|Any CPU.Build.0 = Release|Any CPU
		{9A8347AD-186B-40DD-9EF7-9D16AC91E3F9}.Debug|Any CPU.ActiveCfg = Debug|Any CPU
		{9A8347AD-186B-40DD-9EF7-9D16AC91E3F9}.Debug|Any CPU.Build.0 = Debug|Any CPU
		{9A8347AD-186B-40DD-9EF7-9D16AC91E3F9}.Release|Any CPU.ActiveCfg = Release|Any CPU
		{9A8347AD-186B-40DD-9EF7-9D16AC91E3F9}.Release|Any CPU.Build.0 = Release|Any CPU
	EndGlobalSection
	GlobalSection(SolutionProperties) = preSolution
		HideSolutionNode = FALSE
	EndGlobalSection
	GlobalSection(NestedProjects) = preSolution
		{963EA27A-47C9-4E8C-881C-6A94FB925D3B} = {D107F4C8-89CC-BEA8-D3D7-CA6B7733353D}
	EndGlobalSection
	GlobalSection(ExtensibilityGlobals) = postSolution
		SolutionGuid = {F24007F5-3EC9-4A4F-B617-0CF64AB50A18}
	EndGlobalSection
EndGlobal
